
Microsoft Visual Studio Solution File, Format Version 12.00
# Visual Studio Version 17
VisualStudioVersion = 17.4.33213.308
MinimumVisualStudioVersion = 10.0.40219.1
Project("{FAE04EC0-301F-11D3-BF4B-00C04F79EFBC}") = "TM.API", "TM.API\TM.API.csproj", "{58324694-4EB6-420A-AC9E-DFFB4059C842}"
EndProject
Project("{FAE04EC0-301F-11D3-BF4B-00C04F79EFBC}") = "TM.Domain", "TM.Domain\TM.Domain.csproj", "{4B2F5FD0-E971-48C9-A292-93E04796A7D4}"
EndProject
Global
	GlobalSection(SolutionConfigurationPlatforms) = preSolution
		Debug|Any CPU = Debug|Any CPU
		Release|Any CPU = Release|Any CPU
	EndGlobalSection
	GlobalSection(ProjectConfigurationPlatforms) = postSolution
		{58324694-4EB6-420A-AC9E-DFFB4059C842}.Debug|Any CPU.ActiveCfg = Debug|Any CPU
		{58324694-4EB6-420A-AC9E-DFFB4059C842}.Debug|Any CPU.Build.0 = Debug|Any CPU
		{58324694-4EB6-420A-AC9E-DFFB4059C842}.Release|Any CPU.ActiveCfg = Release|Any CPU
		{58324694-4EB6-420A-AC9E-DFFB4059C842}.Release|Any CPU.Build.0 = Release|Any CPU
		{4B2F5FD0-E971-48C9-A292-93E04796A7D4}.Debug|Any CPU.ActiveCfg = Debug|Any CPU
		{4B2F5FD0-E971-48C9-A292-93E04796A7D4}.Debug|Any CPU.Build.0 = Debug|Any CPU
		{4B2F5FD0-E971-48C9-A292-93E04796A7D4}.Release|Any CPU.ActiveCfg = Release|Any CPU
		{4B2F5FD0-E971-48C9-A292-93E04796A7D4}.Release|Any CPU.Build.0 = Release|Any CPU
	EndGlobalSection
	GlobalSection(SolutionProperties) = preSolution
		HideSolutionNode = FALSE
	EndGlobalSection
	GlobalSection(ExtensibilityGlobals) = postSolution
		SolutionGuid = {D2D4C4AC-67E2-4767-AAC1-94218CC86714}
	EndGlobalSection
EndGlobal
